{
	"name": "uview-ui",
	"version": "2.0.38",
	"lockfileVersion": 3,
	"requires": true,
	"packages": {
		"": {
			"name": "uview-ui",
			"version": "2.0.38",
			"dependencies": {
				"uview-ui": "file:"
			},
			"engines": {
				"HBuilderX": "^3.1.0"
			}
		},
		"node_modules/uview-ui": {
			"resolved": "",
			"link": true
		}
	}
}
